
Microsoft Visual Studio Solution File, Format Version 12.00
# Visual Studio Version 16
VisualStudioVersion = 16.0.29519.87
MinimumVisualStudioVersion = 10.0.40219.1
Project("{9A19103F-16F7-4668-BE54-9A1E7A4F7556}") = "AspNetCoreRoutingDemo", "AspNetCoreRoutingDemo\AspNetCoreRoutingDemo.csproj", "{CC526698-EC63-4942-9D06-CAC7E05FF097}"
EndProject
Global
	GlobalSection(SolutionConfigurationPlatforms) = preSolution
		Debug|Any CPU = Debug|Any CPU
		Release|Any CPU = Release|Any CPU
	EndGlobalSection
	GlobalSection(ProjectConfigurationPlatforms) = postSolution
		{CC526698-EC63-4942-9D06-CAC7E05FF097}.Debug|Any CPU.ActiveCfg = Debug|Any CPU
		{CC526698-EC63-4942-9D06-CAC7E05FF097}.Debug|Any CPU.Build.0 = Debug|Any CPU
		{CC526698-EC63-4942-9D06-CAC7E05FF097}.Release|Any CPU.ActiveCfg = Release|Any CPU
		{CC526698-EC63-4942-9D06-CAC7E05FF097}.Release|Any CPU.Build.0 = Release|Any CPU
	EndGlobalSection
	GlobalSection(SolutionProperties) = preSolution
		HideSolutionNode = FALSE
	EndGlobalSection
	GlobalSection(ExtensibilityGlobals) = postSolution
		SolutionGuid = {72673E6F-8FD1-409F-A8A1-BFD8679A6D30}
	EndGlobalSection
EndGlobal
